
Microsoft Visual Studio Solution File, Format Version 12.00
# Visual Studio 2013
VisualStudioVersion = 12.0.21005.1
MinimumVisualStudioVersion = 10.0.40219.1
Project("{F184B08F-C81C-45F6-A57F-5ABD9991F28F}") = "BudgetKeeper.OM", "BudgetKeeper.OM\BudgetKeeper.OM.vbproj", "{17DF4C08-D262-405B-B1D7-913C87EA3281}"
EndProject
Project("{2150E333-8FDC-42A3-9474-1A3956D46DE8}") = "Utilities", "Utilities", "{C5A73436-7664-47F3-8BBB-EC5767821C9E}"
EndProject
Project("{F184B08F-C81C-45F6-A57F-5ABD9991F28F}") = "BudgetKeeper.OM_Test", "BudgetKeeper.OM_Test\BudgetKeeper.OM_Test.vbproj", "{DFE35FF0-3AF9-494B-8487-F0ADE3510F4F}"
EndProject
Project("{2150E333-8FDC-42A3-9474-1A3956D46DE8}") = ".nuget", ".nuget", "{91D5FB3C-ABC6-45ED-A9E4-570BD2F0F15C}"
	ProjectSection(SolutionItems) = preProject
		.nuget\NuGet.Config = .nuget\NuGet.Config
		.nuget\NuGet.exe = .nuget\NuGet.exe
		.nuget\NuGet.targets = .nuget\NuGet.targets
	EndProjectSection
EndProject
Project("{FAE04EC0-301F-11D3-BF4B-00C04F79EFBC}") = "BudgetKeeper.Web", "BudgetKeeper.Web\BudgetKeeper.Web.csproj", "{A906CC97-3F4A-4E5B-9C4F-B825E39DAEB6}"
EndProject
Global
	GlobalSection(SolutionConfigurationPlatforms) = preSolution
		Debug|Any CPU = Debug|Any CPU
		Release|Any CPU = Release|Any CPU
	EndGlobalSection
	GlobalSection(ProjectConfigurationPlatforms) = postSolution
		{17DF4C08-D262-405B-B1D7-913C87EA3281}.Debug|Any CPU.ActiveCfg = Debug|Any CPU
		{17DF4C08-D262-405B-B1D7-913C87EA3281}.Debug|Any CPU.Build.0 = Debug|Any CPU
		{17DF4C08-D262-405B-B1D7-913C87EA3281}.Release|Any CPU.ActiveCfg = Release|Any CPU
		{17DF4C08-D262-405B-B1D7-913C87EA3281}.Release|Any CPU.Build.0 = Release|Any CPU
		{DFE35FF0-3AF9-494B-8487-F0ADE3510F4F}.Debug|Any CPU.ActiveCfg = Debug|Any CPU
		{DFE35FF0-3AF9-494B-8487-F0ADE3510F4F}.Debug|Any CPU.Build.0 = Debug|Any CPU
		{DFE35FF0-3AF9-494B-8487-F0ADE3510F4F}.Release|Any CPU.ActiveCfg = Release|Any CPU
		{DFE35FF0-3AF9-494B-8487-F0ADE3510F4F}.Release|Any CPU.Build.0 = Release|Any CPU
		{A906CC97-3F4A-4E5B-9C4F-B825E39DAEB6}.Debug|Any CPU.ActiveCfg = Debug|Any CPU
		{A906CC97-3F4A-4E5B-9C4F-B825E39DAEB6}.Debug|Any CPU.Build.0 = Debug|Any CPU
		{A906CC97-3F4A-4E5B-9C4F-B825E39DAEB6}.Release|Any CPU.ActiveCfg = Release|Any CPU
		{A906CC97-3F4A-4E5B-9C4F-B825E39DAEB6}.Release|Any CPU.Build.0 = Release|Any CPU
	EndGlobalSection
	GlobalSection(SolutionProperties) = preSolution
		HideSolutionNode = FALSE
	EndGlobalSection
	GlobalSection(NestedProjects) = preSolution
		{DFE35FF0-3AF9-494B-8487-F0ADE3510F4F} = {C5A73436-7664-47F3-8BBB-EC5767821C9E}
	EndGlobalSection
EndGlobal
